// !$*UTF8*$!
{
	archiveVersion = 1;
	classes = {
	};
	objectVersion = 50;
	objects = {

/* Begin PBXBuildFile section */
		9A95F68FA081498E49246270 /* libPods-Tumbler.a in Frameworks */ = {isa = PBXBuildFile; fileRef = 1E79D7A166445A6DA17AD112 /* libPods-Tumbler.a */; };
		E8547B4C20E42CD800261F1F /* PhotosViewController.m in Sources */ = {isa = PBXBuildFile; fileRef = E8547B4B20E42CD800261F1F /* PhotosViewController.m */; };
		E8B5B35A20E4281A0089FAD8 /* AppDelegate.m in Sources */ = {isa = PBXBuildFile; fileRef = E8B5B35920E4281A0089FAD8 /* AppDelegate.m */; };
		E8B5B36020E4281A0089FAD8 /* Main.storyboard in Resources */ = {isa = PBXBuildFile; fileRef = E8B5B35E20E4281A0089FAD8 /* Main.storyboard */; };
		E8B5B36220E4281B0089FAD8 /* Assets.xcassets in Resources */ = {isa = PBXBuildFile; fileRef = E8B5B36120E4281B0089FAD8 /* Assets.xcassets */; };
		E8B5B36520E4281B0089FAD8 /* LaunchScreen.storyboard in Resources */ = {isa = PBXBuildFile; fileRef = E8B5B36320E4281B0089FAD8 /* LaunchScreen.storyboard */; };
		E8B5B36820E4281B0089FAD8 /* main.m in Sources */ = {isa = PBXBuildFile; fileRef = E8B5B36720E4281B0089FAD8 /* main.m */; };
/* End PBXBuildFile section */

/* Begin PBXFileReference section */
		02E04D5865DB268C8B958382 /* Pods-Tumbler.debug.xcconfig */ = {isa = PBXFileReference; includeInIndex = 1; lastKnownFileType = text.xcconfig; name = "Pods-Tumbler.debug.xcconfig"; path = "Pods/Target Support Files/Pods-Tumbler/Pods-Tumbler.debug.xcconfig"; sourceTree = "<group>"; };
		1E79D7A166445A6DA17AD112 /* libPods-Tumbler.a */ = {isa = PBXFileReference; explicitFileType = archive.ar; includeInIndex = 0; path = "libPods-Tumbler.a"; sourceTree = BUILT_PRODUCTS_DIR; };
		5602FBD266E102A82BE72CE2 /* Pods-Tumbler.release.xcconfig */ = {isa = PBXFileReference; includeInIndex = 1; lastKnownFileType = text.xcconfig; name = "Pods-Tumbler.release.xcconfig"; path = "Pods/Target Support Files/Pods-Tumbler/Pods-Tumbler.release.xcconfig"; sourceTree = "<group>"; };
		E8547B4A20E42CD800261F1F /* PhotosViewController.h */ = {isa = PBXFileReference; lastKnownFileType = sourcecode.c.h; path = PhotosViewController.h; sourceTree = "<group>"; };
		E8547B4B20E42CD800261F1F /* PhotosViewController.m */ = {isa = PBXFileReference; lastKnownFileType = sourcecode.c.objc; path = PhotosViewController.m; sourceTree = "<group>"; };
		E8B5B35520E4281A0089FAD8 /* Tumbler.app */ = {isa = PBXFileReference; explicitFileType = wrapper.application; includeInIndex = 0; path = Tumbler.app; sourceTree = BUILT_PRODUCTS_DIR; };
		E8B5B35820E4281A0089FAD8 /* AppDelegate.h */ = {isa = PBXFileReference; lastKnownFileType = sourcecode.c.h; path = AppDelegate.h; sourceTree = "<group>"; };
		E8B5B35920E4281A0089FAD8 /* AppDelegate.m */ = {isa = PBXFileReference; lastKnownFileType = sourcecode.c.objc; path = AppDelegate.m; sourceTree = "<group>"; };
		E8B5B35F20E4281A0089FAD8 /* Base */ = {isa = PBXFileReference; lastKnownFileType = file.storyboard; name = Base; path = Base.lproj/Main.storyboard; sourceTree = "<group>"; };
		E8B5B36120E4281B0089FAD8 /* Assets.xcassets */ = {isa = PBXFileReference; lastKnownFileType = folder.assetcatalog; path = Assets.xcassets; sourceTree = "<group>"; };
		E8B5B36420E4281B0089FAD8 /* Base */ = {isa = PBXFileReference; lastKnownFileType = file.storyboard; name = Base; path = Base.lproj/LaunchScreen.storyboard; sourceTree = "<group>"; };
		E8B5B36620E4281B0089FAD8 /* Info.plist */ = {isa = PBXFileReference; lastKnownFileType = text.plist.xml; path = Info.plist; sourceTree = "<group>"; };
		E8B5B36720E4281B0089FAD8 /* main.m */ = {isa = PBXFileReference; lastKnownFileType = sourcecode.c.objc; path = main.m; sourceTree = "<group>"; };
/* End PBXFileReference section */

/* Begin PBXFrameworksBuildPhase section */
		E8B5B35220E4281A0089FAD8 /* Frameworks */ = {
			isa = PBXFrameworksBuildPhase;
			buildActionMask = 2147483647;
			files = (
				9A95F68FA081498E49246270 /* libPods-Tumbler.a in Frameworks */,
			);
			runOnlyForDeploymentPostprocessing = 0;
		};
/* End PBXFrameworksBuildPhase section */

/* Begin PBXGroup section */
		560AD7C343D526B5CAD275E9 /* Pods */ = {
			isa = PBXGroup;
			children = (
				02E04D5865DB268C8B958382 /* Pods-Tumbler.debug.xcconfig */,
				5602FBD266E102A82BE72CE2 /* Pods-Tumbler.release.xcconfig */,
			);
			name = Pods;
			sourceTree = "<group>";
		};
		CFCF59B304B10FBE6022D006 /* Frameworks */ = {
			isa = PBXGroup;
			children = (
				1E79D7A166445A6DA17AD112 /* libPods-Tumbler.a */,
			);
			name = Frameworks;
			sourceTree = "<group>";
		};
		E8B5B34C20E4281A0089FAD8 = {
			isa = PBXGroup;
			children = (
				E8B5B35720E4281A0089FAD8 /* Tumbler */,
				E8B5B35620E4281A0089FAD8 /* Products */,
				560AD7C343D526B5CAD275E9 /* Pods */,
				CFCF59B304B10FBE6022D006 /* Frameworks */,
			);
			sourceTree = "<group>";
		};
		E8B5B35620E4281A0089FAD8 /* Products */ = {
			isa = PBXGroup;
			children = (
				E8B5B35520E4281A0089FAD8 /* Tumbler.app */,
			);
			name = Products;
			sourceTree = "<group>";
		};
		E8B5B35720E4281A0089FAD8 /* Tumbler */ = {
			isa = PBXGroup;
			children = (
				E8B5B35820E4281A0089FAD8 /* AppDelegate.h */,
				E8B5B35920E4281A0089FAD8 /* AppDelegate.m */,
				E8B5B35E20E4281A0089FAD8 /* Main.storyboard */,
				E8B5B36120E4281B0089FAD8 /* Assets.xcassets */,
				E8B5B36320E4281B0089FAD8 /* LaunchScreen.storyboard */,
				E8B5B36620E4281B0089FAD8 /* Info.plist */,
				E8B5B36720E4281B0089FAD8 /* main.m */,
				E8547B4A20E42CD800261F1F /* PhotosViewController.h */,
				E8547B4B20E42CD800261F1F /* PhotosViewController.m */,
			);
			path = Tumbler;
			sourceTree = "<group>";
		};
/* End PBXGroup section */

/* Begin PBXNativeTarget section */
		E8B5B35420E4281A0089FAD8 /* Tumbler */ = {
			isa = PBXNativeTarget;
			buildConfigurationList = E8B5B36B20E4281B0089FAD8 /* Build configuration list for PBXNativeTarget "Tumbler" */;
			buildPhases = (
				16D43D688B6546B5CE19E44E /* [CP] Check Pods Manifest.lock */,
				E8B5B35120E4281A0089FAD8 /* Sources */,
				E8B5B35220E4281A0089FAD8 /* Frameworks */,
				E8B5B35320E4281A0089FAD8 /* Resources */,
			);
			buildRules = (
			);
			dependencies = (
			);
			name = Tumbler;
			productName = Tumbler;
			productReference = E8B5B35520E4281A0089FAD8 /* Tumbler.app */;
			productType = "com.apple.product-type.application";
		};
/* End PBXNativeTarget section */

/* Begin PBXProject section */
		E8B5B34D20E4281A0089FAD8 /* Project object */ = {
			isa = PBXProject;
			attributes = {
				LastUpgradeCheck = 0940;
				ORGANIZATIONNAME = "Jonathan Cabrera";
				TargetAttributes = {
					E8B5B35420E4281A0089FAD8 = {
						CreatedOnToolsVersion = 9.4.1;
					};
				};
			};
			buildConfigurationList = E8B5B35020E4281A0089FAD8 /* Build configuration list for PBXProject "Tumbler" */;
			compatibilityVersion = "Xcode 9.3";
			developmentRegion = en;
			hasScannedForEncodings = 0;
			knownRegions = (
				en,
				Base,
			);
			mainGroup = E8B5B34C20E4281A0089FAD8;
			productRefGroup = E8B5B35620E4281A0089FAD8 /* Products */;
			projectDirPath = "";
			projectRoot = "";
			targets = (
				E8B5B35420E4281A0089FAD8 /* Tumbler */,
			);
		};
/* End PBXProject section */

/* Begin PBXResourcesBuildPhase section */
		E8B5B35320E4281A0089FAD8 /* Resources */ = {
			isa = PBXResourcesBuildPhase;
			buildActionMask = 2147483647;
			files = (
				E8B5B36520E4281B0089FAD8 /* LaunchScreen.storyboard in Resources */,
				E8B5B36220E4281B0089FAD8 /* Assets.xcassets in Resources */,
				E8B5B36020E4281A0089FAD8 /* Main.storyboard in Resources */,
			);
			runOnlyForDeploymentPostprocessing = 0;
		};
/* End PBXResourcesBuildPhase section */

/* Begin PBXShellScriptBuildPhase section */
		16D43D688B6546B5CE19E44E /* [CP] Check Pods Manifest.lock */ = {
			isa = PBXShellScriptBuildPhase;
			buildActionMask = 2147483647;
			files = (
			);
			inputPaths = (
				"${PODS_PODFILE_DIR_PATH}/Podfile.lock",
				"${PODS_ROOT}/Manifest.lock",
			);
			name = "[CP] Check Pods Manifest.lock";
			outputPaths = (
				"$(DERIVED_FILE_DIR)/Pods-Tumbler-checkManifestLockResult.txt",
			);
			runOnlyForDeploymentPostprocessing = 0;
			shellPath = /bin/sh;
			shellScript = "diff \"${PODS_PODFILE_DIR_PATH}/Podfile.lock\" \"${PODS_ROOT}/Manifest.lock\" > /dev/null\nif [ $? != 0 ] ; then\n    # print error to STDERR\n    echo \"error: The sandbox is not in sync with the Podfile.lock. Run 'pod install' or update your CocoaPods installation.\" >&2\n    exit 1\nfi\n# This output is used by Xcode 'outputs' to avoid re-running this script phase.\necho \"SUCCESS\" > \"${SCRIPT_OUTPUT_FILE_0}\"\n";
			showEnvVarsInLog = 0;
		};
/* End PBXShellScriptBuildPhase section */

/* Begin PBXSourcesBuildPhase section */
		E8B5B35120E4281A0089FAD8 /* Sources */ = {
			isa = PBXSourcesBuildPhase;
			buildActionMask = 2147483647;
			files = (
				E8B5B36820E4281B0089FAD8 /* main.m in Sources */,
				E8547B4C20E42CD800261F1F /* PhotosViewController.m in Sources */,
				E8B5B35A20E4281A0089FAD8 /* AppDelegate.m in Sources */,
			);
			runOnlyForDeploymentPostprocessing = 0;
		};
/* End PBXSourcesBuildPhase section */

/* Begin PBXVariantGroup section */
		E8B5B35E20E4281A0089FAD8 /* Main.storyboard */ = {
			isa = PBXVariantGroup;
			children = (
				E8B5B35F20E4281A0089FAD8 /* Base */,
			);
			name = Main.storyboard;
			sourceTree = "<group>";
		};
		E8B5B36320E4281B0089FAD8 /* LaunchScreen.storyboard */ = {
			isa = PBXVariantGroup;
			children = (
				E8B5B36420E4281B0089FAD8 /* Base */,
			);
			name = LaunchScreen.storyboard;
			sourceTree = "<group>";
		};
/* End PBXVariantGroup section */

/* Begin XCBuildConfiguration section */
		E8B5B36920E4281B0089FAD8 /* Debug */ = {
			isa = XCBuildConfiguration;
			buildSettings = {
				ALWAYS_SEARCH_USER_PATHS = NO;
				CLANG_ANALYZER_NONNULL = YES;
				CLANG_ANALYZER_NUMBER_OBJECT_CONVERSION = YES_AGGRESSIVE;
				CLANG_CXX_LANGUAGE_STANDARD = "gnu++14";
				CLANG_CXX_LIBRARY = "libc++";
				CLANG_ENABLE_MODULES = YES;
				CLANG_ENABLE_OBJC_ARC = YES;
				CLANG_ENABLE_OBJC_WEAK = YES;
				CLANG_WARN_BLOCK_CAPTURE_AUTORELEASING = YES;
				CLANG_WARN_BOOL_CONVERSION = YES;
				CLANG_WARN_COMMA = YES;
				CLANG_WARN_CONSTANT_CONVERSION = YES;
				CLANG_WARN_DEPRECATED_OBJC_IMPLEMENTATIONS = YES;
				CLANG_WARN_DIRECT_OBJC_ISA_USAGE = YES_ERROR;
				CLANG_WARN_DOCUMENTATION_COMMENTS = YES;
				CLANG_WARN_EMPTY_BODY = YES;
				CLANG_WARN_ENUM_CONVERSION = YES;
				CLANG_WARN_INFINITE_RECURSION = YES;
				CLANG_WARN_INT_CONVERSION = YES;
				CLANG_WARN_NON_LITERAL_NULL_CONVERSION = YES;
				CLANG_WARN_OBJC_IMPLICIT_RETAIN_SELF = YES;
				CLANG_WARN_OBJC_LITERAL_CONVERSION = YES;
				CLANG_WARN_OBJC_ROOT_CLASS = YES_ERROR;
				CLANG_WARN_RANGE_LOOP_ANALYSIS = YES;
				CLANG_WARN_STRICT_PROTOTYPES = YES;
				CLANG_WARN_SUSPICIOUS_MOVE = YES;
				CLANG_WARN_UNGUARDED_AVAILABILITY = YES_AGGRESSIVE;
				CLANG_WARN_UNREACHABLE_CODE = YES;
				CLANG_WARN__DUPLICATE_METHOD_MATCH = YES;
				CODE_SIGN_IDENTITY = "iPhone Developer";
				COPY_PHASE_STRIP = NO;
				DEBUG_INFORMATION_FORMAT = dwarf;
				ENABLE_STRICT_OBJC_MSGSEND = YES;
				ENABLE_TESTABILITY = YES;
				GCC_C_LANGUAGE_STANDARD = gnu11;
				GCC_DYNAMIC_NO_PIC = NO;
				GCC_NO_COMMON_BLOCKS = YES;
				GCC_OPTIMIZATION_LEVEL = 0;
				GCC_PREPROCESSOR_DEFINITIONS = (
					"DEBUG=1",
					"$(inherited)",
				);
				GCC_WARN_64_TO_32_BIT_CONVERSION = YES;
				GCC_WARN_ABOUT_RETURN_TYPE = YES_ERROR;
				GCC_WARN_UNDECLARED_SELECTOR = YES;
				GCC_WARN_UNINITIALIZED_AUTOS = YES_AGGRESSIVE;
				GCC_WARN_UNUSED_FUNCTION = YES;
				GCC_WARN_UNUSED_VARIABLE = YES;
				IPHONEOS_DEPLOYMENT_TARGET = 11.4;
				MTL_ENABLE_DEBUG_INFO = YES;
				ONLY_ACTIVE_ARCH = YES;
				SDKROOT = iphoneos;
			};
			name = Debug;
		};
		E8B5B36A20E4281B0089FAD8 /* Release */ = {
			isa = XCBuildConfiguration;
			buildSettings = {
				ALWAYS_SEARCH_USER_PATHS = NO;
				CLANG_ANALYZER_NONNULL = YES;
				CLANG_ANALYZER_NUMBER_OBJECT_CONVERSION = YES_AGGRESSIVE;
				CLANG_CXX_LANGUAGE_STANDARD = "gnu++14";
				CLANG_CXX_LIBRARY = "libc++";
				CLANG_ENABLE_MODULES = YES;
				CLANG_ENABLE_OBJC_ARC = YES;
				CLANG_ENABLE_OBJC_WEAK = YES;
				CLANG_WARN_BLOCK_CAPTURE_AUTORELEASING = YES;
				CLANG_WARN_BOOL_CONVERSION = YES;
				CLANG_WARN_COMMA = YES;
				CLANG_WARN_CONSTANT_CONVERSION = YES;
				CLANG_WARN_DEPRECATED_OBJC_IMPLEMENTATIONS = YES;
				CLANG_WARN_DIRECT_OBJC_ISA_USAGE = YES_ERROR;
				CLANG_WARN_DOCUMENTATION_COMMENTS = YES;
				CLANG_WARN_EMPTY_BODY = YES;
				CLANG_WARN_ENUM_CONVERSION = YES;
				CLANG_WARN_INFINITE_RECURSION = YES;
				CLANG_WARN_INT_CONVERSION = YES;
				CLANG_WARN_NON_LITERAL_NULL_CONVERSION = YES;
				CLANG_WARN_OBJC_IMPLICIT_RETAIN_SELF = YES;
				CLANG_WARN_OBJC_LITERAL_CONVERSION = YES;
				CLANG_WARN_OBJC_ROOT_CLASS = YES_ERROR;
				CLANG_WARN_RANGE_LOOP_ANALYSIS = YES;
				CLANG_WARN_STRICT_PROTOTYPES = YES;
				CLANG_WARN_SUSPICIOUS_MOVE = YES;
				CLANG_WARN_UNGUARDED_AVAILABILITY = YES_AGGRESSIVE;
				CLANG_WARN_UNREACHABLE_CODE = YES;
				CLANG_WARN__DUPLICATE_METHOD_MATCH = YES;
				CODE_SIGN_IDENTITY = "iPhone Developer";
				COPY_PHASE_STRIP = NO;
				DEBUG_INFORMATION_FORMAT = "dwarf-with-dsym";
				ENABLE_NS_ASSERTIONS = NO;
				ENABLE_STRICT_OBJC_MSGSEND = YES;
				GCC_C_LANGUAGE_STANDARD = gnu11;
				GCC_NO_COMMON_BLOCKS = YES;
				GCC_WARN_64_TO_32_BIT_CONVERSION = YES;
				GCC_WARN_ABOUT_RETURN_TYPE = YES_ERROR;
				GCC_WARN_UNDECLARED_SELECTOR = YES;
				GCC_WARN_UNINITIALIZED_AUTOS = YES_AGGRESSIVE;
				GCC_WARN_UNUSED_FUNCTION = YES;
				GCC_WARN_UNUSED_VARIABLE = YES;
				IPHONEOS_DEPLOYMENT_TARGET = 11.4;
				MTL_ENABLE_DEBUG_INFO = NO;
				SDKROOT = iphoneos;
				VALIDATE_PRODUCT = YES;
			};
			name = Release;
		};
		E8B5B36C20E4281B0089FAD8 /* Debug */ = {
			isa = XCBuildConfiguration;
			baseConfigurationReference = 02E04D5865DB268C8B958382 /* Pods-Tumbler.debug.xcconfig */;
			buildSettings = {
				ASSETCATALOG_COMPILER_APPICON_NAME = AppIcon;
				CODE_SIGN_STYLE = Automatic;
				INFOPLIST_FILE = Tumbler/Info.plist;
				LD_RUNPATH_SEARCH_PATHS = (
					"$(inherited)",
					"@executable_path/Frameworks",
				);
				PRODUCT_BUNDLE_IDENTIFIER = Jonathan.Tumbler;
				PRODUCT_NAME = "$(TARGET_NAME)";
				TARGETED_DEVICE_FAMILY = "1,2";
			};
			name = Debug;
		};
		E8B5B36D20E4281B0089FAD8 /* Release */ = {
			isa = XCBuildConfiguration;
			baseConfigurationReference = 5602FBD266E102A82BE72CE2 /* Pods-Tumbler.release.xcconfig */;
			buildSettings = {
				ASSETCATALOG_COMPILER_APPICON_NAME = AppIcon;
				CODE_SIGN_STYLE = Automatic;
				INFOPLIST_FILE = Tumbler/Info.plist;
				LD_RUNPATH_SEARCH_PATHS = (
					"$(inherited)",
					"@executable_path/Frameworks",
				);
				PRODUCT_BUNDLE_IDENTIFIER = Jonathan.Tumbler;
				PRODUCT_NAME = "$(TARGET_NAME)";
				TARGETED_DEVICE_FAMILY = "1,2";
			};
			name = Release;
		};
/* End XCBuildConfiguration section */

/* Begin XCConfigurationList section */
		E8B5B35020E4281A0089FAD8 /* Build configuration list for PBXProject "Tumbler" */ = {
			isa = XCConfigurationList;
			buildConfigurations = (
				E8B5B36920E4281B0089FAD8 /* Debug */,
				E8B5B36A20E4281B0089FAD8 /* Release */,
			);
			defaultConfigurationIsVisible = 0;
			defaultConfigurationName = Release;
		};
		E8B5B36B20E4281B0089FAD8 /* Build configuration list for PBXNativeTarget "Tumbler" */ = {
			isa = XCConfigurationList;
			buildConfigurations = (
				E8B5B36C20E4281B0089FAD8 /* Debug */,
				E8B5B36D20E4281B0089FAD8 /* Release */,
			);
			defaultConfigurationIsVisible = 0;
			defaultConfigurationName = Release;
		};
/* End XCConfigurationList section */
	};
	rootObject = E8B5B34D20E4281A0089FAD8 /* Project object */;
}
